// !$*UTF8*$!
{
	archiveVersion = 1;
	classes = {
	};
	objectVersion = 48;
	objects = {

/* Begin PBXBuildFile section */
		2BB6F4D321F9E3FF001E8693 /* Credits.rtf in Resources */ = {isa = PBXBuildFile; fileRef = 2BB6F4D121F9E3FF001E8693 /* Credits.rtf */; };
		2BE8B585221D2C9E006D8B3D /* libXcodeGitHub.a in Frameworks */ = {isa = PBXBuildFile; fileRef = 4DC9E5C9216DCD6700F1F4EE /* libXcodeGitHub.a */; };
		4D12BA0D20A252CE00E5B1DB /* XGALogViewController.m in Sources */ = {isa = PBXBuildFile; fileRef = 4D12BA0B20A252CE00E5B1DB /* XGALogViewController.m */; };
		4D12BA0E20A252CE00E5B1DB /* XGALogViewController.xib in Resources */ = {isa = PBXBuildFile; fileRef = 4D12BA0C20A252CE00E5B1DB /* XGALogViewController.xib */; };
		4D5CC05E2090CAB60042E98B /* BNCKeyChain.m in Sources */ = {isa = PBXBuildFile; fileRef = 4D5CC05D2090CAB60042E98B /* BNCKeyChain.m */; };
		4D65363621504842000812E1 /* XGAStatusPopover.m in Sources */ = {isa = PBXBuildFile; fileRef = 4D65363521504842000812E1 /* XGAStatusPopover.m */; };
		4D6536382150486B000812E1 /* XGAStatusPopover.xib in Resources */ = {isa = PBXBuildFile; fileRef = 4D6536372150486B000812E1 /* XGAStatusPopover.xib */; };
		4D76616D2057565200216B72 /* XGAAppDelegate.m in Sources */ = {isa = PBXBuildFile; fileRef = 4D76616C2057565200216B72 /* XGAAppDelegate.m */; };
		4D7661702057565200216B72 /* XGAStatusViewController.m in Sources */ = {isa = PBXBuildFile; fileRef = 4D76616F2057565200216B72 /* XGAStatusViewController.m */; };
		4D7661722057565200216B72 /* Assets.xcassets in Resources */ = {isa = PBXBuildFile; fileRef = 4D7661712057565200216B72 /* Assets.xcassets */; };
		4D7661752057565200216B72 /* Main.storyboard in Resources */ = {isa = PBXBuildFile; fileRef = 4D7661732057565200216B72 /* Main.storyboard */; };
		4D7661782057565300216B72 /* main.m in Sources */ = {isa = PBXBuildFile; fileRef = 4D7661772057565300216B72 /* main.m */; };
		4D7D249A20A617DB0086FA59 /* NSAttributedString+App.m in Sources */ = {isa = PBXBuildFile; fileRef = 4D7D249920A617DB0086FA59 /* NSAttributedString+App.m */; };
		4D8352C620A3F30A00184259 /* XGAStatusViewController.xib in Resources */ = {isa = PBXBuildFile; fileRef = 4D8352C520A3F30A00184259 /* XGAStatusViewController.xib */; };
		4D8352CC20A4F93A00184259 /* XGAStatusLineView.m in Sources */ = {isa = PBXBuildFile; fileRef = 4D8352CB20A4F93A00184259 /* XGAStatusLineView.m */; };
		4D8352D020A516A200184259 /* XGAPreferencesViewController.m in Sources */ = {isa = PBXBuildFile; fileRef = 4D8352CE20A516A200184259 /* XGAPreferencesViewController.m */; };
		4D8352D120A516A200184259 /* XGAPreferencesViewController.xib in Resources */ = {isa = PBXBuildFile; fileRef = 4D8352CF20A516A200184259 /* XGAPreferencesViewController.xib */; };
		4DAA4666214CBEFF007A39EB /* XGAAddServerPanel.m in Sources */ = {isa = PBXBuildFile; fileRef = 4DAA4664214CBEFF007A39EB /* XGAAddServerPanel.m */; };
		4DAA4667214CBEFF007A39EB /* XGAAddServerPanel.xib in Resources */ = {isa = PBXBuildFile; fileRef = 4DAA4665214CBEFF007A39EB /* XGAAddServerPanel.xib */; };
		4DED4891209BDFCC008DE877 /* BNCGeometry.m in Sources */ = {isa = PBXBuildFile; fileRef = 4DED4890209BDFCC008DE877 /* BNCGeometry.m */; };
		4DEE32E42162EB20006BD06C /* XGAStatusViewItem.m in Sources */ = {isa = PBXBuildFile; fileRef = 4DEE32E32162EB20006BD06C /* XGAStatusViewItem.m */; };
		4DF0F58E208F923E0015D1F7 /* BNCThreads.m in Sources */ = {isa = PBXBuildFile; fileRef = 4DF0F588208F923E0015D1F7 /* BNCThreads.m */; };
		4DF0F5972090474D0015D1F7 /* XGASettings.m in Sources */ = {isa = PBXBuildFile; fileRef = 4DF0F5962090474D0015D1F7 /* XGASettings.m */; };
		4DF656312153620100380FD0 /* BNCEncoder.m in Sources */ = {isa = PBXBuildFile; fileRef = 4DF6562F2153620100380FD0 /* BNCEncoder.m */; };
		4DFB5308215DCD6700DB1209 /* XGANetworkServiceBrowser.m in Sources */ = {isa = PBXBuildFile; fileRef = 4DFB5307215DCD6700DB1209 /* XGANetworkServiceBrowser.m */; };
/* End PBXBuildFile section */

/* Begin PBXContainerItemProxy section */
		2BE8B583221D2C96006D8B3D /* PBXContainerItemProxy */ = {
			isa = PBXContainerItemProxy;
			containerPortal = 4DC9E5C4216DCD6700F1F4EE /* XcodeGitHub.xcodeproj */;
			proxyType = 1;
			remoteGlobalIDString = 4DDAA4D5216ABF40002F3F8E;
			remoteInfo = XcodeGitHub;
		};
		4DC9E5C8216DCD6700F1F4EE /* PBXContainerItemProxy */ = {
			isa = PBXContainerItemProxy;
			containerPortal = 4DC9E5C4216DCD6700F1F4EE /* XcodeGitHub.xcodeproj */;
			proxyType = 2;
			remoteGlobalIDString = 4DDAA4D6216ABF40002F3F8E;
			remoteInfo = XcodeGitHub;
		};
/* End PBXContainerItemProxy section */

/* Begin PBXFileReference section */
		2BB6F4D221F9E3FF001E8693 /* Base */ = {isa = PBXFileReference; lastKnownFileType = text.rtf; name = Base; path = Base.lproj/Credits.rtf; sourceTree = "<group>"; };
		2BC31A1222041978003B0EE4 /* xcode-github-cli.md */ = {isa = PBXFileReference; lastKnownFileType = net.daringfireball.markdown; name = "xcode-github-cli.md"; path = "Documentation/xcode-github-cli.md"; sourceTree = "<group>"; };
		2BFD78962216A06E00E63692 /* CHANGELOG.md */ = {isa = PBXFileReference; fileEncoding = 4; lastKnownFileType = net.daringfireball.markdown; path = CHANGELOG.md; sourceTree = "<group>"; };
		4D0DD54420597FE6001721C1 /* xcode-github-app.md */ = {isa = PBXFileReference; fileEncoding = 4; lastKnownFileType = net.daringfireball.markdown; name = "xcode-github-app.md"; path = "Documentation/xcode-github-app.md"; sourceTree = "<group>"; };
		4D12BA0A20A252CE00E5B1DB /* XGALogViewController.h */ = {isa = PBXFileReference; lastKnownFileType = sourcecode.c.h; path = XGALogViewController.h; sourceTree = "<group>"; };
		4D12BA0B20A252CE00E5B1DB /* XGALogViewController.m */ = {isa = PBXFileReference; lastKnownFileType = sourcecode.c.objc; path = XGALogViewController.m; sourceTree = "<group>"; };
		4D12BA0C20A252CE00E5B1DB /* XGALogViewController.xib */ = {isa = PBXFileReference; lastKnownFileType = file.xib; path = XGALogViewController.xib; sourceTree = "<group>"; };
		4D5CC05C2090CAB50042E98B /* BNCKeyChain.h */ = {isa = PBXFileReference; fileEncoding = 4; lastKnownFileType = sourcecode.c.h; path = BNCKeyChain.h; sourceTree = "<group>"; };
		4D5CC05D2090CAB60042E98B /* BNCKeyChain.m */ = {isa = PBXFileReference; fileEncoding = 4; lastKnownFileType = sourcecode.c.objc; path = BNCKeyChain.m; sourceTree = "<group>"; };
		4D65363421504842000812E1 /* XGAStatusPopover.h */ = {isa = PBXFileReference; lastKnownFileType = sourcecode.c.h; path = XGAStatusPopover.h; sourceTree = "<group>"; };
		4D65363521504842000812E1 /* XGAStatusPopover.m */ = {isa = PBXFileReference; lastKnownFileType = sourcecode.c.objc; path = XGAStatusPopover.m; sourceTree = "<group>"; };
		4D6536372150486B000812E1 /* XGAStatusPopover.xib */ = {isa = PBXFileReference; lastKnownFileType = file.xib; path = XGAStatusPopover.xib; sourceTree = "<group>"; };
		4D7661682057565200216B72 /* XcodeGitHub.app */ = {isa = PBXFileReference; explicitFileType = wrapper.application; includeInIndex = 0; path = XcodeGitHub.app; sourceTree = BUILT_PRODUCTS_DIR; };
		4D76616B2057565200216B72 /* XGAAppDelegate.h */ = {isa = PBXFileReference; lastKnownFileType = sourcecode.c.h; path = XGAAppDelegate.h; sourceTree = "<group>"; };
		4D76616C2057565200216B72 /* XGAAppDelegate.m */ = {isa = PBXFileReference; lastKnownFileType = sourcecode.c.objc; path = XGAAppDelegate.m; sourceTree = "<group>"; };
		4D76616E2057565200216B72 /* XGAStatusViewController.h */ = {isa = PBXFileReference; lastKnownFileType = sourcecode.c.h; path = XGAStatusViewController.h; sourceTree = "<group>"; };
		4D76616F2057565200216B72 /* XGAStatusViewController.m */ = {isa = PBXFileReference; lastKnownFileType = sourcecode.c.objc; path = XGAStatusViewController.m; sourceTree = "<group>"; };
		4D7661712057565200216B72 /* Assets.xcassets */ = {isa = PBXFileReference; lastKnownFileType = folder.assetcatalog; path = Assets.xcassets; sourceTree = "<group>"; };
		4D7661742057565200216B72 /* Base */ = {isa = PBXFileReference; lastKnownFileType = file.storyboard; name = Base; path = Base.lproj/Main.storyboard; sourceTree = "<group>"; };
		4D7661762057565200216B72 /* Info.plist */ = {isa = PBXFileReference; lastKnownFileType = text.plist.xml; path = Info.plist; sourceTree = "<group>"; };
		4D7661772057565300216B72 /* main.m */ = {isa = PBXFileReference; lastKnownFileType = sourcecode.c.objc; path = main.m; sourceTree = "<group>"; };
		4D7661792057565300216B72 /* xcode-github-app.entitlements */ = {isa = PBXFileReference; lastKnownFileType = text.plist.entitlements; path = "xcode-github-app.entitlements"; sourceTree = "<group>"; };
		4D7D249820A617DB0086FA59 /* NSAttributedString+App.h */ = {isa = PBXFileReference; lastKnownFileType = sourcecode.c.h; name = "NSAttributedString+App.h"; path = "Vendor/Branch/NSAttributedString+App.h"; sourceTree = SOURCE_ROOT; };
		4D7D249920A617DB0086FA59 /* NSAttributedString+App.m */ = {isa = PBXFileReference; lastKnownFileType = sourcecode.c.objc; name = "NSAttributedString+App.m"; path = "Vendor/Branch/NSAttributedString+App.m"; sourceTree = SOURCE_ROOT; };
		4D8352C520A3F30A00184259 /* XGAStatusViewController.xib */ = {isa = PBXFileReference; lastKnownFileType = file.xib; path = XGAStatusViewController.xib; sourceTree = "<group>"; };
		4D8352CA20A4F93A00184259 /* XGAStatusLineView.h */ = {isa = PBXFileReference; lastKnownFileType = sourcecode.c.h; path = XGAStatusLineView.h; sourceTree = "<group>"; };
		4D8352CB20A4F93A00184259 /* XGAStatusLineView.m */ = {isa = PBXFileReference; lastKnownFileType = sourcecode.c.objc; path = XGAStatusLineView.m; sourceTree = "<group>"; };
		4D8352CD20A516A200184259 /* XGAPreferencesViewController.h */ = {isa = PBXFileReference; lastKnownFileType = sourcecode.c.h; path = XGAPreferencesViewController.h; sourceTree = "<group>"; };
		4D8352CE20A516A200184259 /* XGAPreferencesViewController.m */ = {isa = PBXFileReference; lastKnownFileType = sourcecode.c.objc; path = XGAPreferencesViewController.m; sourceTree = "<group>"; };
		4D8352CF20A516A200184259 /* XGAPreferencesViewController.xib */ = {isa = PBXFileReference; lastKnownFileType = file.xib; path = XGAPreferencesViewController.xib; sourceTree = "<group>"; };
		4DAA4663214CBEFF007A39EB /* XGAAddServerPanel.h */ = {isa = PBXFileReference; lastKnownFileType = sourcecode.c.h; path = XGAAddServerPanel.h; sourceTree = "<group>"; };
		4DAA4664214CBEFF007A39EB /* XGAAddServerPanel.m */ = {isa = PBXFileReference; lastKnownFileType = sourcecode.c.objc; path = XGAAddServerPanel.m; sourceTree = "<group>"; };
		4DAA4665214CBEFF007A39EB /* XGAAddServerPanel.xib */ = {isa = PBXFileReference; lastKnownFileType = file.xib; path = XGAAddServerPanel.xib; sourceTree = "<group>"; };
		4DC9E5C4216DCD6700F1F4EE /* XcodeGitHub.xcodeproj */ = {isa = PBXFileReference; lastKnownFileType = "wrapper.pb-project"; path = XcodeGitHub.xcodeproj; sourceTree = "<group>"; };
		4DED488F209BDFCC008DE877 /* BNCGeometry.h */ = {isa = PBXFileReference; lastKnownFileType = sourcecode.c.h; path = BNCGeometry.h; sourceTree = "<group>"; };
		4DED4890209BDFCC008DE877 /* BNCGeometry.m */ = {isa = PBXFileReference; lastKnownFileType = sourcecode.c.objc; path = BNCGeometry.m; sourceTree = "<group>"; };
		4DEE32E22162EB20006BD06C /* XGAStatusViewItem.h */ = {isa = PBXFileReference; lastKnownFileType = sourcecode.c.h; path = XGAStatusViewItem.h; sourceTree = "<group>"; };
		4DEE32E32162EB20006BD06C /* XGAStatusViewItem.m */ = {isa = PBXFileReference; lastKnownFileType = sourcecode.c.objc; path = XGAStatusViewItem.m; sourceTree = "<group>"; };
		4DF0F582208F923E0015D1F7 /* BNCThreads.h */ = {isa = PBXFileReference; fileEncoding = 4; lastKnownFileType = sourcecode.c.h; path = BNCThreads.h; sourceTree = "<group>"; };
		4DF0F588208F923E0015D1F7 /* BNCThreads.m */ = {isa = PBXFileReference; fileEncoding = 4; lastKnownFileType = sourcecode.c.objc; path = BNCThreads.m; sourceTree = "<group>"; };
		4DF0F5952090474D0015D1F7 /* XGASettings.h */ = {isa = PBXFileReference; lastKnownFileType = sourcecode.c.h; path = XGASettings.h; sourceTree = "<group>"; };
		4DF0F5962090474D0015D1F7 /* XGASettings.m */ = {isa = PBXFileReference; lastKnownFileType = sourcecode.c.objc; path = XGASettings.m; sourceTree = "<group>"; };
		4DF6562F2153620100380FD0 /* BNCEncoder.m */ = {isa = PBXFileReference; fileEncoding = 4; lastKnownFileType = sourcecode.c.objc; path = BNCEncoder.m; sourceTree = "<group>"; };
		4DF656302153620100380FD0 /* BNCEncoder.h */ = {isa = PBXFileReference; fileEncoding = 4; lastKnownFileType = sourcecode.c.h; path = BNCEncoder.h; sourceTree = "<group>"; };
		4DFB5306215DCD6700DB1209 /* XGANetworkServiceBrowser.h */ = {isa = PBXFileReference; lastKnownFileType = sourcecode.c.h; path = XGANetworkServiceBrowser.h; sourceTree = "<group>"; };
		4DFB5307215DCD6700DB1209 /* XGANetworkServiceBrowser.m */ = {isa = PBXFileReference; lastKnownFileType = sourcecode.c.objc; path = XGANetworkServiceBrowser.m; sourceTree = "<group>"; };
/* End PBXFileReference section */

/* Begin PBXFrameworksBuildPhase section */
		4D7661652057565200216B72 /* Frameworks */ = {
			isa = PBXFrameworksBuildPhase;
			buildActionMask = 2147483647;
			files = (
				2BE8B585221D2C9E006D8B3D /* libXcodeGitHub.a in Frameworks */,
			);
			runOnlyForDeploymentPostprocessing = 0;
		};
/* End PBXFrameworksBuildPhase section */

/* Begin PBXGroup section */
		4D76615F2057565200216B72 = {
			isa = PBXGroup;
			children = (
				2BFD78962216A06E00E63692 /* CHANGELOG.md */,
				4D0DD54420597FE6001721C1 /* xcode-github-app.md */,
				2BC31A1222041978003B0EE4 /* xcode-github-cli.md */,
				4DC9E5C4216DCD6700F1F4EE /* XcodeGitHub.xcodeproj */,
				4D76616A2057565200216B72 /* xcode-github-app */,
				4D7661692057565200216B72 /* Products */,
				4DDAA54D216ACF16002F3F8E /* Frameworks */,
			);
			sourceTree = "<group>";
		};
		4D7661692057565200216B72 /* Products */ = {
			isa = PBXGroup;
			children = (
				4D7661682057565200216B72 /* XcodeGitHub.app */,
			);
			name = Products;
			sourceTree = "<group>";
		};
		4D76616A2057565200216B72 /* xcode-github-app */ = {
			isa = PBXGroup;
			children = (
				4D7661712057565200216B72 /* Assets.xcassets */,
				2BB6F4D121F9E3FF001E8693 /* Credits.rtf */,
				4D7661762057565200216B72 /* Info.plist */,
				4D7661772057565300216B72 /* main.m */,
				4D7661732057565200216B72 /* Main.storyboard */,
				4DF0F57F208F92140015D1F7 /* Vendor */,
				4D7661792057565300216B72 /* xcode-github-app.entitlements */,
				4DAA4663214CBEFF007A39EB /* XGAAddServerPanel.h */,
				4DAA4664214CBEFF007A39EB /* XGAAddServerPanel.m */,
				4DAA4665214CBEFF007A39EB /* XGAAddServerPanel.xib */,
				4D76616B2057565200216B72 /* XGAAppDelegate.h */,
				4D76616C2057565200216B72 /* XGAAppDelegate.m */,
				4D12BA0A20A252CE00E5B1DB /* XGALogViewController.h */,
				4D12BA0B20A252CE00E5B1DB /* XGALogViewController.m */,
				4D12BA0C20A252CE00E5B1DB /* XGALogViewController.xib */,
				4DFB5306215DCD6700DB1209 /* XGANetworkServiceBrowser.h */,
				4DFB5307215DCD6700DB1209 /* XGANetworkServiceBrowser.m */,
				4D8352CD20A516A200184259 /* XGAPreferencesViewController.h */,
				4D8352CE20A516A200184259 /* XGAPreferencesViewController.m */,
				4D8352CF20A516A200184259 /* XGAPreferencesViewController.xib */,
				4DF0F5952090474D0015D1F7 /* XGASettings.h */,
				4DF0F5962090474D0015D1F7 /* XGASettings.m */,
				4D8352CA20A4F93A00184259 /* XGAStatusLineView.h */,
				4D8352CB20A4F93A00184259 /* XGAStatusLineView.m */,
				4D65363421504842000812E1 /* XGAStatusPopover.h */,
				4D65363521504842000812E1 /* XGAStatusPopover.m */,
				4D6536372150486B000812E1 /* XGAStatusPopover.xib */,
				4D76616E2057565200216B72 /* XGAStatusViewController.h */,
				4D76616F2057565200216B72 /* XGAStatusViewController.m */,
				4D8352C520A3F30A00184259 /* XGAStatusViewController.xib */,
				4DEE32E22162EB20006BD06C /* XGAStatusViewItem.h */,
				4DEE32E32162EB20006BD06C /* XGAStatusViewItem.m */,
			);
			path = "xcode-github-app";
			sourceTree = "<group>";
		};
		4DC9E5C5216DCD6700F1F4EE /* Products */ = {
			isa = PBXGroup;
			children = (
				4DC9E5C9216DCD6700F1F4EE /* libXcodeGitHub.a */,
			);
			name = Products;
			sourceTree = "<group>";
		};
		4DDAA54D216ACF16002F3F8E /* Frameworks */ = {
			isa = PBXGroup;
			children = (
			);
			name = Frameworks;
			sourceTree = "<group>";
		};
		4DF0F57F208F92140015D1F7 /* Vendor */ = {
			isa = PBXGroup;
			children = (
				4DF0F580208F923E0015D1F7 /* Branch */,
			);
			name = Vendor;
			sourceTree = "<group>";
		};
		4DF0F580208F923E0015D1F7 /* Branch */ = {
			isa = PBXGroup;
			children = (
				4DF656302153620100380FD0 /* BNCEncoder.h */,
				4DF6562F2153620100380FD0 /* BNCEncoder.m */,
				4DED488F209BDFCC008DE877 /* BNCGeometry.h */,
				4DED4890209BDFCC008DE877 /* BNCGeometry.m */,
				4D5CC05C2090CAB50042E98B /* BNCKeyChain.h */,
				4D5CC05D2090CAB60042E98B /* BNCKeyChain.m */,
				4DF0F582208F923E0015D1F7 /* BNCThreads.h */,
				4DF0F588208F923E0015D1F7 /* BNCThreads.m */,
				4D7D249820A617DB0086FA59 /* NSAttributedString+App.h */,
				4D7D249920A617DB0086FA59 /* NSAttributedString+App.m */,
			);
			name = Branch;
			path = Vendor/Branch;
			sourceTree = SOURCE_ROOT;
		};
/* End PBXGroup section */

/* Begin PBXNativeTarget section */
		4D7661672057565200216B72 /* xcode-github-app */ = {
			isa = PBXNativeTarget;
			buildConfigurationList = 4D76617C2057565300216B72 /* Build configuration list for PBXNativeTarget "xcode-github-app" */;
			buildPhases = (
				4D7661642057565200216B72 /* Sources */,
				4D7661652057565200216B72 /* Frameworks */,
				4D7661662057565200216B72 /* Resources */,
			);
			buildRules = (
			);
			dependencies = (
				2BE8B584221D2C96006D8B3D /* PBXTargetDependency */,
			);
			name = "xcode-github-app";
			productName = XcodeGitHub;
			productReference = 4D7661682057565200216B72 /* XcodeGitHub.app */;
			productType = "com.apple.product-type.application";
		};
/* End PBXNativeTarget section */

/* Begin PBXProject section */
		4D7661602057565200216B72 /* Project object */ = {
			isa = PBXProject;
			attributes = {
				CLASSPREFIX = XGA;
				LastUpgradeCheck = 1030;
				ORGANIZATIONNAME = Branch;
				TargetAttributes = {
					4D7661672057565200216B72 = {
						CreatedOnToolsVersion = 9.2;
						ProvisioningStyle = Manual;
						SystemCapabilities = {
							com.apple.HardenedRuntime = {
								enabled = 1;
							};
							com.apple.Sandbox = {
								enabled = 1;
							};
						};
					};
				};
			};
			buildConfigurationList = 4D7661632057565200216B72 /* Build configuration list for PBXProject "xcode-github-app" */;
			compatibilityVersion = "Xcode 8.0";
			developmentRegion = en;
			hasScannedForEncodings = 0;
			knownRegions = (
				en,
				Base,
			);
			mainGroup = 4D76615F2057565200216B72;
			productRefGroup = 4D7661692057565200216B72 /* Products */;
			projectDirPath = "";
			projectReferences = (
				{
					ProductGroup = 4DC9E5C5216DCD6700F1F4EE /* Products */;
					ProjectRef = 4DC9E5C4216DCD6700F1F4EE /* XcodeGitHub.xcodeproj */;
				},
			);
			projectRoot = "";
			targets = (
				4D7661672057565200216B72 /* xcode-github-app */,
			);
		};
/* End PBXProject section */

/* Begin PBXReferenceProxy section */
		4DC9E5C9216DCD6700F1F4EE /* libXcodeGitHub.a */ = {
			isa = PBXReferenceProxy;
			fileType = archive.ar;
			path = libXcodeGitHub.a;
			remoteRef = 4DC9E5C8216DCD6700F1F4EE /* PBXContainerItemProxy */;
			sourceTree = BUILT_PRODUCTS_DIR;
		};
/* End PBXReferenceProxy section */

/* Begin PBXResourcesBuildPhase section */
		4D7661662057565200216B72 /* Resources */ = {
			isa = PBXResourcesBuildPhase;
			buildActionMask = 2147483647;
			files = (
				4D7661722057565200216B72 /* Assets.xcassets in Resources */,
				4D8352D120A516A200184259 /* XGAPreferencesViewController.xib in Resources */,
				4D6536382150486B000812E1 /* XGAStatusPopover.xib in Resources */,
				2BB6F4D321F9E3FF001E8693 /* Credits.rtf in Resources */,
				4D12BA0E20A252CE00E5B1DB /* XGALogViewController.xib in Resources */,
				4D8352C620A3F30A00184259 /* XGAStatusViewController.xib in Resources */,
				4DAA4667214CBEFF007A39EB /* XGAAddServerPanel.xib in Resources */,
				4D7661752057565200216B72 /* Main.storyboard in Resources */,
			);
			runOnlyForDeploymentPostprocessing = 0;
		};
/* End PBXResourcesBuildPhase section */

/* Begin PBXSourcesBuildPhase section */
		4D7661642057565200216B72 /* Sources */ = {
			isa = PBXSourcesBuildPhase;
			buildActionMask = 2147483647;
			files = (
				4D7D249A20A617DB0086FA59 /* NSAttributedString+App.m in Sources */,
				4DED4891209BDFCC008DE877 /* BNCGeometry.m in Sources */,
				4DFB5308215DCD6700DB1209 /* XGANetworkServiceBrowser.m in Sources */,
				4DF0F58E208F923E0015D1F7 /* BNCThreads.m in Sources */,
				4D12BA0D20A252CE00E5B1DB /* XGALogViewController.m in Sources */,
				4D8352CC20A4F93A00184259 /* XGAStatusLineView.m in Sources */,
				4D5CC05E2090CAB60042E98B /* BNCKeyChain.m in Sources */,
				4DEE32E42162EB20006BD06C /* XGAStatusViewItem.m in Sources */,
				4DAA4666214CBEFF007A39EB /* XGAAddServerPanel.m in Sources */,
				4D7661702057565200216B72 /* XGAStatusViewController.m in Sources */,
				4D8352D020A516A200184259 /* XGAPreferencesViewController.m in Sources */,
				4D7661782057565300216B72 /* main.m in Sources */,
				4D65363621504842000812E1 /* XGAStatusPopover.m in Sources */,
				4D76616D2057565200216B72 /* XGAAppDelegate.m in Sources */,
				4DF0F5972090474D0015D1F7 /* XGASettings.m in Sources */,
				4DF656312153620100380FD0 /* BNCEncoder.m in Sources */,
			);
			runOnlyForDeploymentPostprocessing = 0;
		};
/* End PBXSourcesBuildPhase section */

/* Begin PBXTargetDependency section */
		2BE8B584221D2C96006D8B3D /* PBXTargetDependency */ = {
			isa = PBXTargetDependency;
			name = XcodeGitHub;
			targetProxy = 2BE8B583221D2C96006D8B3D /* PBXContainerItemProxy */;
		};
/* End PBXTargetDependency section */

/* Begin PBXVariantGroup section */
		2BB6F4D121F9E3FF001E8693 /* Credits.rtf */ = {
			isa = PBXVariantGroup;
			children = (
				2BB6F4D221F9E3FF001E8693 /* Base */,
			);
			name = Credits.rtf;
			sourceTree = "<group>";
		};
		4D7661732057565200216B72 /* Main.storyboard */ = {
			isa = PBXVariantGroup;
			children = (
				4D7661742057565200216B72 /* Base */,
			);
			name = Main.storyboard;
			sourceTree = "<group>";
		};
/* End PBXVariantGroup section */

/* Begin XCBuildConfiguration section */
		4D76617A2057565300216B72 /* Debug */ = {
			isa = XCBuildConfiguration;
			buildSettings = {
				ALWAYS_SEARCH_USER_PATHS = NO;
				CLANG_ANALYZER_NONNULL = YES;
				CLANG_ANALYZER_NUMBER_OBJECT_CONVERSION = YES_AGGRESSIVE;
				CLANG_CXX_LANGUAGE_STANDARD = "gnu++14";
				CLANG_CXX_LIBRARY = "libc++";
				CLANG_ENABLE_MODULES = YES;
				CLANG_ENABLE_OBJC_ARC = YES;
				CLANG_WARN_BLOCK_CAPTURE_AUTORELEASING = YES;
				CLANG_WARN_BOOL_CONVERSION = YES;
				CLANG_WARN_COMMA = YES;
				CLANG_WARN_CONSTANT_CONVERSION = YES;
				CLANG_WARN_DEPRECATED_OBJC_IMPLEMENTATIONS = YES;
				CLANG_WARN_DIRECT_OBJC_ISA_USAGE = YES_ERROR;
				CLANG_WARN_DOCUMENTATION_COMMENTS = YES;
				CLANG_WARN_EMPTY_BODY = YES;
				CLANG_WARN_ENUM_CONVERSION = YES;
				CLANG_WARN_INFINITE_RECURSION = YES;
				CLANG_WARN_INT_CONVERSION = YES;
				CLANG_WARN_NON_LITERAL_NULL_CONVERSION = YES;
				CLANG_WARN_OBJC_IMPLICIT_RETAIN_SELF = YES;
				CLANG_WARN_OBJC_LITERAL_CONVERSION = YES;
				CLANG_WARN_OBJC_ROOT_CLASS = YES_ERROR;
				CLANG_WARN_RANGE_LOOP_ANALYSIS = YES;
				CLANG_WARN_STRICT_PROTOTYPES = YES;
				CLANG_WARN_SUSPICIOUS_MOVE = YES;
				CLANG_WARN_UNGUARDED_AVAILABILITY = YES_AGGRESSIVE;
				CLANG_WARN_UNREACHABLE_CODE = YES;
				CLANG_WARN__DUPLICATE_METHOD_MATCH = YES;
				CODE_SIGN_IDENTITY = "Mac Developer";
				COPY_PHASE_STRIP = NO;
				DEBUG_INFORMATION_FORMAT = dwarf;
				ENABLE_STRICT_OBJC_MSGSEND = YES;
				ENABLE_TESTABILITY = YES;
				FRAMEWORK_SEARCH_PATHS = "$(PROJECT_DIR)/Build";
				GCC_C_LANGUAGE_STANDARD = gnu11;
				GCC_DYNAMIC_NO_PIC = NO;
				GCC_NO_COMMON_BLOCKS = YES;
				GCC_OPTIMIZATION_LEVEL = 0;
				GCC_PREPROCESSOR_DEFINITIONS = (
					"DEBUG=1",
					"$(inherited)",
				);
				GCC_WARN_64_TO_32_BIT_CONVERSION = YES;
				GCC_WARN_ABOUT_RETURN_TYPE = YES_ERROR;
				GCC_WARN_UNDECLARED_SELECTOR = YES;
				GCC_WARN_UNINITIALIZED_AUTOS = YES_AGGRESSIVE;
				GCC_WARN_UNUSED_FUNCTION = YES;
				GCC_WARN_UNUSED_VARIABLE = YES;
				MACOSX_DEPLOYMENT_TARGET = 10.12;
				MTL_ENABLE_DEBUG_INFO = YES;
				ONLY_ACTIVE_ARCH = YES;
				SDKROOT = macosx;
				VALID_ARCHS = x86_64;
			};
			name = Debug;
		};
		4D76617B2057565300216B72 /* Release */ = {
			isa = XCBuildConfiguration;
			buildSettings = {
				ALWAYS_SEARCH_USER_PATHS = NO;
				CLANG_ANALYZER_NONNULL = YES;
				CLANG_ANALYZER_NUMBER_OBJECT_CONVERSION = YES_AGGRESSIVE;
				CLANG_CXX_LANGUAGE_STANDARD = "gnu++14";
				CLANG_CXX_LIBRARY = "libc++";
				CLANG_ENABLE_MODULES = YES;
				CLANG_ENABLE_OBJC_ARC = YES;
				CLANG_WARN_BLOCK_CAPTURE_AUTORELEASING = YES;
				CLANG_WARN_BOOL_CONVERSION = YES;
				CLANG_WARN_COMMA = YES;
				CLANG_WARN_CONSTANT_CONVERSION = YES;
				CLANG_WARN_DEPRECATED_OBJC_IMPLEMENTATIONS = YES;
				CLANG_WARN_DIRECT_OBJC_ISA_USAGE = YES_ERROR;
				CLANG_WARN_DOCUMENTATION_COMMENTS = YES;
				CLANG_WARN_EMPTY_BODY = YES;
				CLANG_WARN_ENUM_CONVERSION = YES;
				CLANG_WARN_INFINITE_RECURSION = YES;
				CLANG_WARN_INT_CONVERSION = YES;
				CLANG_WARN_NON_LITERAL_NULL_CONVERSION = YES;
				CLANG_WARN_OBJC_IMPLICIT_RETAIN_SELF = YES;
				CLANG_WARN_OBJC_LITERAL_CONVERSION = YES;
				CLANG_WARN_OBJC_ROOT_CLASS = YES_ERROR;
				CLANG_WARN_RANGE_LOOP_ANALYSIS = YES;
				CLANG_WARN_STRICT_PROTOTYPES = YES;
				CLANG_WARN_SUSPICIOUS_MOVE = YES;
				CLANG_WARN_UNGUARDED_AVAILABILITY = YES_AGGRESSIVE;
				CLANG_WARN_UNREACHABLE_CODE = YES;
				CLANG_WARN__DUPLICATE_METHOD_MATCH = YES;
				CODE_SIGN_IDENTITY = "Mac Developer";
				COPY_PHASE_STRIP = NO;
				DEBUG_INFORMATION_FORMAT = "dwarf-with-dsym";
				ENABLE_NS_ASSERTIONS = NO;
				ENABLE_STRICT_OBJC_MSGSEND = YES;
				FRAMEWORK_SEARCH_PATHS = "$(PROJECT_DIR)/Build";
				GCC_C_LANGUAGE_STANDARD = gnu11;
				GCC_NO_COMMON_BLOCKS = YES;
				GCC_WARN_64_TO_32_BIT_CONVERSION = YES;
				GCC_WARN_ABOUT_RETURN_TYPE = YES_ERROR;
				GCC_WARN_UNDECLARED_SELECTOR = YES;
				GCC_WARN_UNINITIALIZED_AUTOS = YES_AGGRESSIVE;
				GCC_WARN_UNUSED_FUNCTION = YES;
				GCC_WARN_UNUSED_VARIABLE = YES;
				MACOSX_DEPLOYMENT_TARGET = 10.12;
				MTL_ENABLE_DEBUG_INFO = NO;
				SDKROOT = macosx;
				VALID_ARCHS = x86_64;
			};
			name = Release;
		};
		4D76617D2057565300216B72 /* Debug */ = {
			isa = XCBuildConfiguration;
			buildSettings = {
				ASSETCATALOG_COMPILER_APPICON_NAME = AppIcon;
				CODE_SIGN_ENTITLEMENTS = "xcode-github-app/xcode-github-app.entitlements";
				CODE_SIGN_STYLE = Manual;
				COMBINE_HIDPI_IMAGES = YES;
				DEVELOPMENT_TEAM = WRWLR8VRUH;
				ENABLE_HARDENED_RUNTIME = YES;
				INFOPLIST_FILE = "$(SRCROOT)/xcode-github-app/Info.plist";
				LD_RUNPATH_SEARCH_PATHS = "$(inherited) @executable_path/../Frameworks";
				PRODUCT_BUNDLE_IDENTIFIER = "io.branch.xcode-github-app";
				PRODUCT_NAME = XcodeGitHub;
				PROVISIONING_PROFILE_SPECIFIER = "";
			};
			name = Debug;
		};
		4D76617E2057565300216B72 /* Release */ = {
			isa = XCBuildConfiguration;
			buildSettings = {
				ASSETCATALOG_COMPILER_APPICON_NAME = AppIcon;
				CODE_SIGN_ENTITLEMENTS = "xcode-github-app/xcode-github-app.entitlements";
				CODE_SIGN_IDENTITY = "Mac Developer";
				CODE_SIGN_STYLE = Manual;
				COMBINE_HIDPI_IMAGES = YES;
				DEVELOPMENT_TEAM = WRWLR8VRUH;
				ENABLE_HARDENED_RUNTIME = YES;
				INFOPLIST_FILE = "$(SRCROOT)/xcode-github-app/Info.plist";
				LD_RUNPATH_SEARCH_PATHS = "$(inherited) @executable_path/../Frameworks";
				PRODUCT_BUNDLE_IDENTIFIER = "io.branch.xcode-github-app";
				PRODUCT_NAME = XcodeGitHub;
				PROVISIONING_PROFILE_SPECIFIER = "";
			};
			name = Release;
		};
/* End XCBuildConfiguration section */

/* Begin XCConfigurationList section */
		4D7661632057565200216B72 /* Build configuration list for PBXProject "xcode-github-app" */ = {
			isa = XCConfigurationList;
			buildConfigurations = (
				4D76617A2057565300216B72 /* Debug */,
				4D76617B2057565300216B72 /* Release */,
			);
			defaultConfigurationIsVisible = 0;
			defaultConfigurationName = Release;
		};
		4D76617C2057565300216B72 /* Build configuration list for PBXNativeTarget "xcode-github-app" */ = {
			isa = XCConfigurationList;
			buildConfigurations = (
				4D76617D2057565300216B72 /* Debug */,
				4D76617E2057565300216B72 /* Release */,
			);
			defaultConfigurationIsVisible = 0;
			defaultConfigurationName = Release;
		};
/* End XCConfigurationList section */
	};
	rootObject = 4D7661602057565200216B72 /* Project object */;
}
